
Microsoft Visual Studio Solution File, Format Version 12.00
# Visual Studio Version 17
VisualStudioVersion = 17.0.32112.339
MinimumVisualStudioVersion = 10.0.40219.1
Project("{9A19103F-16F7-4668-BE54-9A1E7A4F7556}") = "AKT.Resume.UI", "AKT.Resume.UI\AKT.Resume.UI.csproj", "{EBD996BB-BF65-429A-AF0B-8CED89115CEF}"
EndProject
Global
	GlobalSection(SolutionConfigurationPlatforms) = preSolution
		Debug|Any CPU = Debug|Any CPU
		Release|Any CPU = Release|Any CPU
	EndGlobalSection
	GlobalSection(ProjectConfigurationPlatforms) = postSolution
		{EBD996BB-BF65-429A-AF0B-8CED89115CEF}.Debug|Any CPU.ActiveCfg = Debug|Any CPU
		{EBD996BB-BF65-429A-AF0B-8CED89115CEF}.Debug|Any CPU.Build.0 = Debug|Any CPU
		{EBD996BB-BF65-429A-AF0B-8CED89115CEF}.Release|Any CPU.ActiveCfg = Release|Any CPU
		{EBD996BB-BF65-429A-AF0B-8CED89115CEF}.Release|Any CPU.Build.0 = Release|Any CPU
	EndGlobalSection
	GlobalSection(SolutionProperties) = preSolution
		HideSolutionNode = FALSE
	EndGlobalSection
	GlobalSection(ExtensibilityGlobals) = postSolution
		SolutionGuid = {C102F488-2812-42B0-81C8-C09FD6B1E8EF}
	EndGlobalSection
EndGlobal
